
Microsoft Visual Studio Solution File, Format Version 12.00
# Visual Studio 15
VisualStudioVersion = 15.0.26730.12
MinimumVisualStudioVersion = 10.0.40219.1
Project("{FAE04EC0-301F-11D3-BF4B-00C04F79EFBC}") = "Calendar", "Calendar\Calendar.csproj", "{F37A1147-429A-4FF7-8D3D-CA914203E3E7}"
EndProject
Project("{FAE04EC0-301F-11D3-BF4B-00C04F79EFBC}") = "CalendarTest", "CalendarTest\CalendarTest.csproj", "{1B454945-9492-47E4-8C3A-3C3C2660B90D}"
EndProject
Global
	GlobalSection(SolutionConfigurationPlatforms) = preSolution
		Debug|Any CPU = Debug|Any CPU
		Release|Any CPU = Release|Any CPU
	EndGlobalSection
	GlobalSection(ProjectConfigurationPlatforms) = postSolution
		{F37A1147-429A-4FF7-8D3D-CA914203E3E7}.Debug|Any CPU.ActiveCfg = Debug|Any CPU
		{F37A1147-429A-4FF7-8D3D-CA914203E3E7}.Debug|Any CPU.Build.0 = Debug|Any CPU
		{F37A1147-429A-4FF7-8D3D-CA914203E3E7}.Release|Any CPU.ActiveCfg = Release|Any CPU
		{F37A1147-429A-4FF7-8D3D-CA914203E3E7}.Release|Any CPU.Build.0 = Release|Any CPU
		{1B454945-9492-47E4-8C3A-3C3C2660B90D}.Debug|Any CPU.ActiveCfg = Debug|Any CPU
		{1B454945-9492-47E4-8C3A-3C3C2660B90D}.Debug|Any CPU.Build.0 = Debug|Any CPU
		{1B454945-9492-47E4-8C3A-3C3C2660B90D}.Release|Any CPU.ActiveCfg = Release|Any CPU
		{1B454945-9492-47E4-8C3A-3C3C2660B90D}.Release|Any CPU.Build.0 = Release|Any CPU
	EndGlobalSection
	GlobalSection(SolutionProperties) = preSolution
		HideSolutionNode = FALSE
	EndGlobalSection
	GlobalSection(ExtensibilityGlobals) = postSolution
		SolutionGuid = {A85AC580-52B1-4509-927A-A72CA4179280}
	EndGlobalSection
EndGlobal
